
Microsoft Visual Studio Solution File, Format Version 12.00
# Visual Studio 15
VisualStudioVersion = 15.0.28307.572
MinimumVisualStudioVersion = 10.0.40219.1
Project("{9A19103F-16F7-4668-BE54-9A1E7A4F7556}") = "Cmdty.Curves.Samples.Bootstrap", "Cmdty.Curves.Samples.Bootstrap\Cmdty.Curves.Samples.Bootstrap.csproj", "{34C39F84-588E-4D9F-B5D7-3071A1CA297D}"
EndProject
Project("{2150E333-8FDC-42A3-9474-1A3956D46DE8}") = "Solution Items", "Solution Items", "{A6AE2E42-A14D-43C3-8C0F-FDE7AD54C835}"
	ProjectSection(SolutionItems) = preProject
		Directory.Build.props = Directory.Build.props
	EndProjectSection
EndProject
Project("{9A19103F-16F7-4668-BE54-9A1E7A4F7556}") = "Cmdty.Curves.Samples.Spline", "Cmdty.Curves.Samples.Spline\Cmdty.Curves.Samples.Spline.csproj", "{38D958E2-EAE2-4BED-BEC7-0CD904D19CAB}"
EndProject
Project("{FAE04EC0-301F-11D3-BF4B-00C04F79EFBC}") = "Cmdty.Curves.Samples.TimePeriodValueTypes", "Cmdty.Curves.Samples.TimePeriodValueTypes\Cmdty.Curves.Samples.TimePeriodValueTypes.csproj", "{1CE41B73-63E7-41C0-BFEE-06E66FB17497}"
EndProject
Global
	GlobalSection(SolutionConfigurationPlatforms) = preSolution
		Debug|Any CPU = Debug|Any CPU
		Release|Any CPU = Release|Any CPU
	EndGlobalSection
	GlobalSection(ProjectConfigurationPlatforms) = postSolution
		{34C39F84-588E-4D9F-B5D7-3071A1CA297D}.Debug|Any CPU.ActiveCfg = Debug|Any CPU
		{34C39F84-588E-4D9F-B5D7-3071A1CA297D}.Debug|Any CPU.Build.0 = Debug|Any CPU
		{34C39F84-588E-4D9F-B5D7-3071A1CA297D}.Release|Any CPU.ActiveCfg = Release|Any CPU
		{34C39F84-588E-4D9F-B5D7-3071A1CA297D}.Release|Any CPU.Build.0 = Release|Any CPU
		{38D958E2-EAE2-4BED-BEC7-0CD904D19CAB}.Debug|Any CPU.ActiveCfg = Debug|Any CPU
		{38D958E2-EAE2-4BED-BEC7-0CD904D19CAB}.Debug|Any CPU.Build.0 = Debug|Any CPU
		{38D958E2-EAE2-4BED-BEC7-0CD904D19CAB}.Release|Any CPU.ActiveCfg = Release|Any CPU
		{38D958E2-EAE2-4BED-BEC7-0CD904D19CAB}.Release|Any CPU.Build.0 = Release|Any CPU
		{1CE41B73-63E7-41C0-BFEE-06E66FB17497}.Debug|Any CPU.ActiveCfg = Debug|Any CPU
		{1CE41B73-63E7-41C0-BFEE-06E66FB17497}.Debug|Any CPU.Build.0 = Debug|Any CPU
		{1CE41B73-63E7-41C0-BFEE-06E66FB17497}.Release|Any CPU.ActiveCfg = Release|Any CPU
		{1CE41B73-63E7-41C0-BFEE-06E66FB17497}.Release|Any CPU.Build.0 = Release|Any CPU
	EndGlobalSection
	GlobalSection(SolutionProperties) = preSolution
		HideSolutionNode = FALSE
	EndGlobalSection
	GlobalSection(ExtensibilityGlobals) = postSolution
		SolutionGuid = {268D0043-87C9-4A5C-A0ED-3DBE13C2BFFD}
	EndGlobalSection
EndGlobal
